
Microsoft Visual Studio Solution File, Format Version 12.00
# Visual Studio Version 17
VisualStudioVersion = 17.13.35919.96 d17.13
MinimumVisualStudioVersion = 10.0.40219.1
Project("{FAE04EC0-301F-11D3-BF4B-00C04F79EFBC}") = "MotoMotoFood", "MotoMotoFood\MotoMotoFood.csproj", "{0224D015-CD83-4BFA-B3CF-A1CB285F183E}"
EndProject
Global
	GlobalSection(SolutionConfigurationPlatforms) = preSolution
		Debug|Any CPU = Debug|Any CPU
		Release|Any CPU = Release|Any CPU
	EndGlobalSection
	GlobalSection(ProjectConfigurationPlatforms) = postSolution
		{0224D015-CD83-4BFA-B3CF-A1CB285F183E}.Debug|Any CPU.ActiveCfg = Debug|Any CPU
		{0224D015-CD83-4BFA-B3CF-A1CB285F183E}.Debug|Any CPU.Build.0 = Debug|Any CPU
		{0224D015-CD83-4BFA-B3CF-A1CB285F183E}.Release|Any CPU.ActiveCfg = Release|Any CPU
		{0224D015-CD83-4BFA-B3CF-A1CB285F183E}.Release|Any CPU.Build.0 = Release|Any CPU
	EndGlobalSection
	GlobalSection(SolutionProperties) = preSolution
		HideSolutionNode = FALSE
	EndGlobalSection
	GlobalSection(ExtensibilityGlobals) = postSolution
		SolutionGuid = {E51E1F41-40D4-446D-BAD5-E44DD6185A35}
	EndGlobalSection
EndGlobal
